
Microsoft Visual Studio Solution File, Format Version 12.00
Project("{FAE04EC0-301F-11D3-BF4B-00C04F79EFBC}") = "BuludStore", "BuludStore\BuludStore.csproj", "{909B2A2F-EF2C-4F5A-A6A4-90E9F8A41263}"
EndProject
Global
	GlobalSection(SolutionConfigurationPlatforms) = preSolution
		Debug|Any CPU = Debug|Any CPU
		Release|Any CPU = Release|Any CPU
	EndGlobalSection
	GlobalSection(ProjectConfigurationPlatforms) = postSolution
		{909B2A2F-EF2C-4F5A-A6A4-90E9F8A41263}.Debug|Any CPU.ActiveCfg = Debug|Any CPU
		{909B2A2F-EF2C-4F5A-A6A4-90E9F8A41263}.Debug|Any CPU.Build.0 = Debug|Any CPU
		{909B2A2F-EF2C-4F5A-A6A4-90E9F8A41263}.Release|Any CPU.ActiveCfg = Release|Any CPU
		{909B2A2F-EF2C-4F5A-A6A4-90E9F8A41263}.Release|Any CPU.Build.0 = Release|Any CPU
	EndGlobalSection
EndGlobal
